{
  "name": "privacy-policy-html-generator",
  "version": "1.0.0",
  "lockfileVersion": 3,
  "requires": true,
  "packages": {
    "": {
      "name": "privacy-policy-html-generator",
      "version": "1.0.0",
      "dependencies": {
        "highlight.js": "^11.11.1",
        "markdown-it": "^14.1.1",
        "markdown-it-anchor": "^9.2.0",
        "markdown-it-emoji": "^3.0.0",
        "markdown-it-mathjax3": "^5.2.0",
        "markdown-it-task-lists": "^2.1.1"
      }
    },
    "node_modules/@se-oss/deasync": {
      "version": "1.0.1",
      "resolved": "https://registry.npmjs.org/@se-oss/deasync/-/deasync-1.0.1.tgz",
      "integrity": "sha512-Ha7P/xCNxOuH72BNdLRWs4TT8rsMMrERnHtfKWBeTWu+UFW9OBTrRgfZJOlbAAQFR0l4Q30cpAn8CuR7PXWcPg==",
      "license": "MIT",
      "dependencies": {
        "type-fest": "^4.37.0"
      },
      "engines": {
        "node": ">= 10"
      },
      "optionalDependencies": {
        "@se-oss/deasync-darwin-arm64": "1.0.1",
        "@se-oss/deasync-darwin-x64": "1.0.1",
        "@se-oss/deasync-linux-arm64-gnu": "1.0.1",
        "@se-oss/deasync-linux-arm64-musl": "1.0.1",
        "@se-oss/deasync-linux-x64-gnu": "1.0.1",
        "@se-oss/deasync-linux-x64-musl": "1.0.1",
        "@se-oss/deasync-win32-arm64-msvc": "1.0.1",
        "@se-oss/deasync-win32-x64-msvc": "1.0.1"
      }
    },
    "node_modules/@se-oss/deasync-darwin-arm64": {
      "version": "1.0.1",
      "resolved": "https://registry.npmjs.org/@se-oss/deasync-darwin-arm64/-/deasync-darwin-arm64-1.0.1.tgz",
      "integrity": "sha512-0YWmIDEGQfW3GGopmZHhfA6mamsG0HFKZhmBzHVyFiMKkJts8kpQwGbGrWlK8eOAoPCihOsG6tCotYR3p7HZaQ==",
      "cpu": [
        "arm64"
      ],
      "license": "MIT",
      "optional": true,
      "os": [
        "darwin"
      ],
      "engines": {
        "node": ">= 10"
      }
    },
    "node_modules/@se-oss/deasync-darwin-x64": {
      "version": "1.0.1",
      "resolved": "https://registry.npmjs.org/@se-oss/deasync-darwin-x64/-/deasync-darwin-x64-1.0.1.tgz",
      "integrity": "sha512-r3FRTLIXqGqOb1DjTLW3YhO/Dd1vA2qRLP0Ym3Wmk3yMv6c/nm15zg6UVoXbgBu8cjbvcsI/OfbHPdErmjMWsw==",
      "cpu": [
        "x64"
      ],
      "license": "MIT",
      "optional": true,
      "os": [
        "darwin"
      ],
      "engines": {
        "node": ">= 10"
      }
    },
    "node_modules/@se-oss/deasync-linux-arm64-gnu": {
      "version": "1.0.1",
      "resolved": "https://registry.npmjs.org/@se-oss/deasync-linux-arm64-gnu/-/deasync-linux-arm64-gnu-1.0.1.tgz",
      "integrity": "sha512-657uRew7fZAx663Li03ilLV2lN09Dqb/NxawlDu8kKmboK1BLitHJRS+taiT5oFZqyIDrU45tlQKfCrW0p0sYA==",
      "cpu": [
        "arm64"
      ],
      "libc": [
        "glibc"
      ],
      "license": "MIT",
      "optional": true,
      "os": [
        "linux"
      ],
      "engines": {
        "node": ">= 10"
      }
    },
    "node_modules/@se-oss/deasync-linux-arm64-musl": {
      "version": "1.0.1",
      "resolved": "https://registry.npmjs.org/@se-oss/deasync-linux-arm64-musl/-/deasync-linux-arm64-musl-1.0.1.tgz",
      "integrity": "sha512-IE3fIQPIJtko4lx9sRam+Zz0P4xbpAPJgDCHaz6k9cP1yUvVI179B4IZRnFx0GyjyQpm0KhHoIGHJc4KUmA81Q==",
      "cpu": [
        "arm64"
      ],
      "libc": [
        "musl"
      ],
      "license": "MIT",
      "optional": true,
      "os": [
        "linux"
      ],
      "engines": {
        "node": ">= 10"
      }
    },
    "node_modules/@se-oss/deasync-linux-x64-gnu": {
      "version": "1.0.1",
      "resolved": "https://registry.npmjs.org/@se-oss/deasync-linux-x64-gnu/-/deasync-linux-x64-gnu-1.0.1.tgz",
      "integrity": "sha512-XQl7etZESGIjIraCyxfAey8ZTIJUB4dUFU3rPR/xLVn9bKpZGlJLIms0z3hoHX9mipO+Cqo53vK4IVm6A7U/ww==",
      "cpu": [
        "x64"
      ],
      "libc": [
        "glibc"
      ],
      "license": "MIT",
      "optional": true,
      "os": [
        "linux"
      ],
      "engines": {
        "node": ">= 10"
      }
    },
    "node_modules/@se-oss/deasync-linux-x64-musl": {
      "version": "1.0.1",
      "resolved": "https://registry.npmjs.org/@se-oss/deasync-linux-x64-musl/-/deasync-linux-x64-musl-1.0.1.tgz",
      "integrity": "sha512-vWgFAZlqImqMV6jhCWV7C9wcCS1eb1ajhlKduBRPfyUxxkoObe+EqTG2BKJAuafxp3/KS1aUsIMJma9mhwFvow==",
      "cpu": [
        "x64"
      ],
      "libc": [
        "musl"
      ],
      "license": "MIT",
      "optional": true,
      "os": [
        "linux"
      ],
      "engines": {
        "node": ">= 10"
      }
    },
    "node_modules/@se-oss/deasync-win32-arm64-msvc": {
      "version": "1.0.1",
      "resolved": "https://registry.npmjs.org/@se-oss/deasync-win32-arm64-msvc/-/deasync-win32-arm64-msvc-1.0.1.tgz",
      "integrity": "sha512-yk7lEE7Zd8GX7o6CuUbg3HnnmUhBx4tgfn5ff3eoq05CgBO6Z3ZtL4l+utAe1cxcFaXPhyvcgnHYyA4OF544tg==",
      "cpu": [
        "arm64"
      ],
      "license": "MIT",
      "optional": true,
      "os": [
        "win32"
      ],
      "engines": {
        "node": ">= 10"
      }
    },
    "node_modules/@se-oss/deasync-win32-x64-msvc": {
      "version": "1.0.1",
      "resolved": "https://registry.npmjs.org/@se-oss/deasync-win32-x64-msvc/-/deasync-win32-x64-msvc-1.0.1.tgz",
      "integrity": "sha512-ixizmuLGRPGyAesWUNWVzVOsvuunNb/qMqU8SmjfLR/vVgzdQEkSHFf+fkX9GXPN6FDv+DAz5uskTzhjUyCXFA==",
      "cpu": [
        "x64"
      ],
      "license": "MIT",
      "optional": true,
      "os": [
        "win32"
      ],
      "engines": {
        "node": ">= 10"
      }
    },
    "node_modules/@types/linkify-it": {
      "version": "5.0.0",
      "resolved": "https://registry.npmjs.org/@types/linkify-it/-/linkify-it-5.0.0.tgz",
      "integrity": "sha512-sVDA58zAw4eWAffKOaQH5/5j3XeayukzDk+ewSsnv3p4yJEZHCCzMDiZM8e0OUrRvmpGZ85jf4yDHkHsgBNr9Q==",
      "license": "MIT",
      "peer": true
    },
    "node_modules/@types/markdown-it": {
      "version": "14.1.2",
      "resolved": "https://registry.npmjs.org/@types/markdown-it/-/markdown-it-14.1.2.tgz",
      "integrity": "sha512-promo4eFwuiW+TfGxhi+0x3czqTYJkG8qB17ZUJiVF10Xm7NLVRSLUsfRTU/6h1e24VvRnXCx+hG7li58lkzog==",
      "license": "MIT",
      "peer": true,
      "dependencies": {
        "@types/linkify-it": "^5",
        "@types/mdurl": "^2"
      }
    },
    "node_modules/@types/mdurl": {
      "version": "2.0.0",
      "resolved": "https://registry.npmjs.org/@types/mdurl/-/mdurl-2.0.0.tgz",
      "integrity": "sha512-RGdgjQUZba5p6QEFAVx2OGb8rQDL/cPRG7GiedRzMcJ1tYnUANBncjbSB1NRGwbvjcPeikRABz2nshyPk1bhWg==",
      "license": "MIT",
      "peer": true
    },
    "node_modules/argparse": {
      "version": "2.0.1",
      "resolved": "https://registry.npmjs.org/argparse/-/argparse-2.0.1.tgz",
      "integrity": "sha512-8+9WqebbFzpX9OR+Wa6O29asIogeRMzcGtAINdpMHHyAg10f05aSFVBbcEqGf/PXw1EjAZ+q2/bEBg3DvurK3Q==",
      "license": "Python-2.0"
    },
    "node_modules/entities": {
      "version": "4.5.0",
      "resolved": "https://registry.npmjs.org/entities/-/entities-4.5.0.tgz",
      "integrity": "sha512-V0hjH4dGPh9Ao5p0MoRY6BVqtwCjhz6vI5LT8AJ55H+4g9/4vbHx1I54fS0XuclLhDHArPQCiMjDxjaL8fPxhw==",
      "license": "BSD-2-Clause",
      "engines": {
        "node": ">=0.12"
      },
      "funding": {
        "url": "https://github.com/fb55/entities?sponsor=1"
      }
    },
    "node_modules/highlight.js": {
      "version": "11.11.1",
      "resolved": "https://registry.npmjs.org/highlight.js/-/highlight.js-11.11.1.tgz",
      "integrity": "sha512-Xwwo44whKBVCYoliBQwaPvtd/2tYFkRQtXDWj1nackaV2JPXx3L0+Jvd8/qCJ2p+ML0/XVkJ2q+Mr+UVdpJK5w==",
      "license": "BSD-3-Clause",
      "engines": {
        "node": ">=12.0.0"
      }
    },
    "node_modules/linkify-it": {
      "version": "5.0.0",
      "resolved": "https://registry.npmjs.org/linkify-it/-/linkify-it-5.0.0.tgz",
      "integrity": "sha512-5aHCbzQRADcdP+ATqnDuhhJ/MRIqDkZX5pyjFHRRysS8vZ5AbqGEoFIb6pYHPZ+L/OC2Lc+xT8uHVVR5CAK/wQ==",
      "license": "MIT",
      "dependencies": {
        "uc.micro": "^2.0.0"
      }
    },
    "node_modules/markdown-it": {
      "version": "14.1.1",
      "resolved": "https://registry.npmjs.org/markdown-it/-/markdown-it-14.1.1.tgz",
      "integrity": "sha512-BuU2qnTti9YKgK5N+IeMubp14ZUKUUw7yeJbkjtosvHiP0AZ5c8IAgEMk79D0eC8F23r4Ac/q8cAIFdm2FtyoA==",
      "license": "MIT",
      "dependencies": {
        "argparse": "^2.0.1",
        "entities": "^4.4.0",
        "linkify-it": "^5.0.0",
        "mdurl": "^2.0.0",
        "punycode.js": "^2.3.1",
        "uc.micro": "^2.1.0"
      },
      "bin": {
        "markdown-it": "bin/markdown-it.mjs"
      }
    },
    "node_modules/markdown-it-anchor": {
      "version": "9.2.0",
      "resolved": "https://registry.npmjs.org/markdown-it-anchor/-/markdown-it-anchor-9.2.0.tgz",
      "integrity": "sha512-sa2ErMQ6kKOA4l31gLGYliFQrMKkqSO0ZJgGhDHKijPf0pNFM9vghjAh3gn26pS4JDRs7Iwa9S36gxm3vgZTzg==",
      "license": "Unlicense",
      "peerDependencies": {
        "@types/markdown-it": "*",
        "markdown-it": "*"
      }
    },
    "node_modules/markdown-it-emoji": {
      "version": "3.0.0",
      "resolved": "https://registry.npmjs.org/markdown-it-emoji/-/markdown-it-emoji-3.0.0.tgz",
      "integrity": "sha512-+rUD93bXHubA4arpEZO3q80so0qgoFJEKRkRbjKX8RTdca89v2kfyF+xR3i2sQTwql9tpPZPOQN5B+PunspXRg==",
      "license": "MIT"
    },
    "node_modules/markdown-it-mathjax3": {
      "version": "5.2.0",
      "resolved": "https://registry.npmjs.org/markdown-it-mathjax3/-/markdown-it-mathjax3-5.2.0.tgz",
      "integrity": "sha512-R+XAy5/7vSGuhG9Z0/cJm6zKxOzStcScfSKVwoarh4nBra+v1KClvbALr/xFTEe9iQhwfQM4SJnO68LXL+btMA==",
      "license": "MIT",
      "dependencies": {
        "@se-oss/deasync": "^1.0.1",
        "mathxyjax3": "^0.8.3"
      }
    },
    "node_modules/markdown-it-task-lists": {
      "version": "2.1.1",
      "resolved": "https://registry.npmjs.org/markdown-it-task-lists/-/markdown-it-task-lists-2.1.1.tgz",
      "integrity": "sha512-TxFAc76Jnhb2OUu+n3yz9RMu4CwGfaT788br6HhEDlvWfdeJcLUsxk1Hgw2yJio0OXsxv7pyIPmvECY7bMbluA==",
      "license": "ISC"
    },
    "node_modules/mathxyjax3": {
      "version": "0.8.3",
      "resolved": "https://registry.npmjs.org/mathxyjax3/-/mathxyjax3-0.8.3.tgz",
      "integrity": "sha512-eXjFaiyQsTdVOeTFoFaFJ/r1FITpB1f9c5MW4FETfcoVV/+xa5SD9pS05AwugzL/gNuDtWXrTOSmoD2e0Du+UA==",
      "license": "MIT"
    },
    "node_modules/mdurl": {
      "version": "2.0.0",
      "resolved": "https://registry.npmjs.org/mdurl/-/mdurl-2.0.0.tgz",
      "integrity": "sha512-Lf+9+2r+Tdp5wXDXC4PcIBjTDtq4UKjCPMQhKIuzpJNW0b96kVqSwW0bT7FhRSfmAiFYgP+SCRvdrDozfh0U5w==",
      "license": "MIT"
    },
    "node_modules/punycode.js": {
      "version": "2.3.1",
      "resolved": "https://registry.npmjs.org/punycode.js/-/punycode.js-2.3.1.tgz",
      "integrity": "sha512-uxFIHU0YlHYhDQtV4R9J6a52SLx28BCjT+4ieh7IGbgwVJWO+km431c4yRlREUAsAmt/uMjQUyQHNEPf0M39CA==",
      "license": "MIT",
      "engines": {
        "node": ">=6"
      }
    },
    "node_modules/type-fest": {
      "version": "4.41.0",
      "resolved": "https://registry.npmjs.org/type-fest/-/type-fest-4.41.0.tgz",
      "integrity": "sha512-TeTSQ6H5YHvpqVwBRcnLDCBnDOHWYu7IvGbHT6N8AOymcr9PJGjc1GTtiWZTYg0NCgYwvnYWEkVChQAr9bjfwA==",
      "license": "(MIT OR CC0-1.0)",
      "engines": {
        "node": ">=16"
      },
      "funding": {
        "url": "https://github.com/sponsors/sindresorhus"
      }
    },
    "node_modules/uc.micro": {
      "version": "2.1.0",
      "resolved": "https://registry.npmjs.org/uc.micro/-/uc.micro-2.1.0.tgz",
      "integrity": "sha512-ARDJmphmdvUk6Glw7y9DQ2bFkKBHwQHLi2lsaH6PPmz/Ka9sFOBsBluozhDltWmnv9u/cF6Rt87znRTPV+yp/A==",
      "license": "MIT"
    }
  }
}
